// !$*UTF8*$!
{
	archiveVersion = 1;
	classes = {
	};
	objectVersion = 55;
	objects = {

/* Begin PBXBuildFile section */
		9C71DEC727BDA73600DA847B /* EcommerceTemplateApp.swift in Sources */ = {isa = PBXBuildFile; fileRef = 9C71DEC627BDA73600DA847B /* EcommerceTemplateApp.swift */; };
		9C71DEC927BDA73600DA847B /* ContentView.swift in Sources */ = {isa = PBXBuildFile; fileRef = 9C71DEC827BDA73600DA847B /* ContentView.swift */; };
		9C71DECB27BDA73700DA847B /* Assets.xcassets in Resources */ = {isa = PBXBuildFile; fileRef = 9C71DECA27BDA73700DA847B /* Assets.xcassets */; };
		9C71DECE27BDA73700DA847B /* Preview Assets.xcassets in Resources */ = {isa = PBXBuildFile; fileRef = 9C71DECD27BDA73700DA847B /* Preview Assets.xcassets */; };
		9C71DEDD27BDB5C400DA847B /* Splash.swift in Sources */ = {isa = PBXBuildFile; fileRef = 9C71DEDC27BDB5C400DA847B /* Splash.swift */; };
		9C71DEE427BDBD5E00DA847B /* TextLarge.swift in Sources */ = {isa = PBXBuildFile; fileRef = 9C71DEE327BDBD5E00DA847B /* TextLarge.swift */; };
		9C71DEE627BDC2E600DA847B /* Login.swift in Sources */ = {isa = PBXBuildFile; fileRef = 9C71DEE527BDC2E600DA847B /* Login.swift */; };
		9C71DEE827BDC3C100DA847B /* TextMedium.swift in Sources */ = {isa = PBXBuildFile; fileRef = 9C71DEE727BDC3C100DA847B /* TextMedium.swift */; };
		9C71DEED27BDC54A00DA847B /* Montserrat.ttf in Resources */ = {isa = PBXBuildFile; fileRef = 9C71DEEC27BDC54A00DA847B /* Montserrat.ttf */; };
		9C71DEEF27BDC55C00DA847B /* Montserrat-Medium.ttf in Resources */ = {isa = PBXBuildFile; fileRef = 9C71DEEE27BDC55C00DA847B /* Montserrat-Medium.ttf */; };
		9C71DEF127BDC5E000DA847B /* TextSmall.swift in Sources */ = {isa = PBXBuildFile; fileRef = 9C71DEF027BDC5E000DA847B /* TextSmall.swift */; };
		9C71DEF327BDC68700DA847B /* TextInput.swift in Sources */ = {isa = PBXBuildFile; fileRef = 9C71DEF227BDC68700DA847B /* TextInput.swift */; };
		9C732F5927BDDB47009523BC /* FilledButton.swift in Sources */ = {isa = PBXBuildFile; fileRef = 9C732F5827BDDB46009523BC /* FilledButton.swift */; };
/* End PBXBuildFile section */

/* Begin PBXFileReference section */
		9C71DEC327BDA73600DA847B /* EcommerceTemplate.app */ = {isa = PBXFileReference; explicitFileType = wrapper.application; includeInIndex = 0; path = EcommerceTemplate.app; sourceTree = BUILT_PRODUCTS_DIR; };
		9C71DEC627BDA73600DA847B /* EcommerceTemplateApp.swift */ = {isa = PBXFileReference; lastKnownFileType = sourcecode.swift; path = EcommerceTemplateApp.swift; sourceTree = "<group>"; };
		9C71DEC827BDA73600DA847B /* ContentView.swift */ = {isa = PBXFileReference; lastKnownFileType = sourcecode.swift; path = ContentView.swift; sourceTree = "<group>"; };
		9C71DECA27BDA73700DA847B /* Assets.xcassets */ = {isa = PBXFileReference; lastKnownFileType = folder.assetcatalog; path = Assets.xcassets; sourceTree = "<group>"; };
		9C71DECD27BDA73700DA847B /* Preview Assets.xcassets */ = {isa = PBXFileReference; lastKnownFileType = folder.assetcatalog; path = "Preview Assets.xcassets"; sourceTree = "<group>"; };
		9C71DEDC27BDB5C400DA847B /* Splash.swift */ = {isa = PBXFileReference; lastKnownFileType = sourcecode.swift; path = Splash.swift; sourceTree = "<group>"; };
		9C71DEE027BDB86E00DA847B /* Info.plist */ = {isa = PBXFileReference; lastKnownFileType = text.plist; path = Info.plist; sourceTree = "<group>"; };
		9C71DEE327BDBD5E00DA847B /* TextLarge.swift */ = {isa = PBXFileReference; lastKnownFileType = sourcecode.swift; path = TextLarge.swift; sourceTree = "<group>"; };
		9C71DEE527BDC2E600DA847B /* Login.swift */ = {isa = PBXFileReference; lastKnownFileType = sourcecode.swift; path = Login.swift; sourceTree = "<group>"; };
		9C71DEE727BDC3C100DA847B /* TextMedium.swift */ = {isa = PBXFileReference; lastKnownFileType = sourcecode.swift; path = TextMedium.swift; sourceTree = "<group>"; };
		9C71DEEC27BDC54A00DA847B /* Montserrat.ttf */ = {isa = PBXFileReference; lastKnownFileType = file; path = Montserrat.ttf; sourceTree = "<group>"; };
		9C71DEEE27BDC55C00DA847B /* Montserrat-Medium.ttf */ = {isa = PBXFileReference; lastKnownFileType = file; path = "Montserrat-Medium.ttf"; sourceTree = "<group>"; };
		9C71DEF027BDC5E000DA847B /* TextSmall.swift */ = {isa = PBXFileReference; lastKnownFileType = sourcecode.swift; path = TextSmall.swift; sourceTree = "<group>"; };
		9C71DEF227BDC68700DA847B /* TextInput.swift */ = {isa = PBXFileReference; lastKnownFileType = sourcecode.swift; path = TextInput.swift; sourceTree = "<group>"; };
		9C732F5827BDDB46009523BC /* FilledButton.swift */ = {isa = PBXFileReference; lastKnownFileType = sourcecode.swift; path = FilledButton.swift; sourceTree = "<group>"; };
/* End PBXFileReference section */

/* Begin PBXFrameworksBuildPhase section */
		9C71DEC027BDA73600DA847B /* Frameworks */ = {
			isa = PBXFrameworksBuildPhase;
			buildActionMask = 2147483647;
			files = (
			);
			runOnlyForDeploymentPostprocessing = 0;
		};
/* End PBXFrameworksBuildPhase section */

/* Begin PBXGroup section */
		9C71DEBA27BDA73600DA847B = {
			isa = PBXGroup;
			children = (
				9C71DEE927BDC45100DA847B /* Fonts */,
				9C71DEC527BDA73600DA847B /* EcommerceTemplate */,
				9C71DEC427BDA73600DA847B /* Products */,
			);
			sourceTree = "<group>";
		};
		9C71DEC427BDA73600DA847B /* Products */ = {
			isa = PBXGroup;
			children = (
				9C71DEC327BDA73600DA847B /* EcommerceTemplate.app */,
			);
			name = Products;
			sourceTree = "<group>";
		};
		9C71DEC527BDA73600DA847B /* EcommerceTemplate */ = {
			isa = PBXGroup;
			children = (
				9C71DEE027BDB86E00DA847B /* Info.plist */,
				9C71DED527BDAEA200DA847B /* Views */,
				9C71DEC627BDA73600DA847B /* EcommerceTemplateApp.swift */,
				9C71DEC827BDA73600DA847B /* ContentView.swift */,
				9C71DECA27BDA73700DA847B /* Assets.xcassets */,
				9C71DECC27BDA73700DA847B /* Preview Content */,
			);
			path = EcommerceTemplate;
			sourceTree = "<group>";
		};
		9C71DECC27BDA73700DA847B /* Preview Content */ = {
			isa = PBXGroup;
			children = (
				9C71DECD27BDA73700DA847B /* Preview Assets.xcassets */,
			);
			path = "Preview Content";
			sourceTree = "<group>";
		};
		9C71DED527BDAEA200DA847B /* Views */ = {
			isa = PBXGroup;
			children = (
				9C71DEDB27BDAF6200DA847B /* Screens */,
				9C71DEDA27BDAF5900DA847B /* Components */,
			);
			path = Views;
			sourceTree = "<group>";
		};
		9C71DEDA27BDAF5900DA847B /* Components */ = {
			isa = PBXGroup;
			children = (
				9C71DEE327BDBD5E00DA847B /* TextLarge.swift */,
				9C71DEE727BDC3C100DA847B /* TextMedium.swift */,
				9C71DEF027BDC5E000DA847B /* TextSmall.swift */,
				9C71DEF227BDC68700DA847B /* TextInput.swift */,
				9C732F5827BDDB46009523BC /* FilledButton.swift */,
			);
			path = Components;
			sourceTree = "<group>";
		};
		9C71DEDB27BDAF6200DA847B /* Screens */ = {
			isa = PBXGroup;
			children = (
				9C71DEDC27BDB5C400DA847B /* Splash.swift */,
				9C71DEE527BDC2E600DA847B /* Login.swift */,
			);
			path = Screens;
			sourceTree = "<group>";
		};
		9C71DEE927BDC45100DA847B /* Fonts */ = {
			isa = PBXGroup;
			children = (
				9C71DEEC27BDC54A00DA847B /* Montserrat.ttf */,
				9C71DEEE27BDC55C00DA847B /* Montserrat-Medium.ttf */,
			);
			path = Fonts;
			sourceTree = "<group>";
		};
/* End PBXGroup section */

/* Begin PBXNativeTarget section */
		9C71DEC227BDA73600DA847B /* EcommerceTemplate */ = {
			isa = PBXNativeTarget;
			buildConfigurationList = 9C71DED127BDA73700DA847B /* Build configuration list for PBXNativeTarget "EcommerceTemplate" */;
			buildPhases = (
				9C71DEBF27BDA73600DA847B /* Sources */,
				9C71DEC027BDA73600DA847B /* Frameworks */,
				9C71DEC127BDA73600DA847B /* Resources */,
			);
			buildRules = (
			);
			dependencies = (
			);
			name = EcommerceTemplate;
			productName = EcommerceTemplate;
			productReference = 9C71DEC327BDA73600DA847B /* EcommerceTemplate.app */;
			productType = "com.apple.product-type.application";
		};
/* End PBXNativeTarget section */

/* Begin PBXProject section */
		9C71DEBB27BDA73600DA847B /* Project object */ = {
			isa = PBXProject;
			attributes = {
				BuildIndependentTargetsInParallel = 1;
				LastSwiftUpdateCheck = 1320;
				LastUpgradeCheck = 1320;
				TargetAttributes = {
					9C71DEC227BDA73600DA847B = {
						CreatedOnToolsVersion = 13.2.1;
					};
				};
			};
			buildConfigurationList = 9C71DEBE27BDA73600DA847B /* Build configuration list for PBXProject "EcommerceTemplate" */;
			compatibilityVersion = "Xcode 13.0";
			developmentRegion = en;
			hasScannedForEncodings = 0;
			knownRegions = (
				en,
				Base,
			);
			mainGroup = 9C71DEBA27BDA73600DA847B;
			productRefGroup = 9C71DEC427BDA73600DA847B /* Products */;
			projectDirPath = "";
			projectRoot = "";
			targets = (
				9C71DEC227BDA73600DA847B /* EcommerceTemplate */,
			);
		};
/* End PBXProject section */

/* Begin PBXResourcesBuildPhase section */
		9C71DEC127BDA73600DA847B /* Resources */ = {
			isa = PBXResourcesBuildPhase;
			buildActionMask = 2147483647;
			files = (
				9C71DECE27BDA73700DA847B /* Preview Assets.xcassets in Resources */,
				9C71DEED27BDC54A00DA847B /* Montserrat.ttf in Resources */,
				9C71DEEF27BDC55C00DA847B /* Montserrat-Medium.ttf in Resources */,
				9C71DECB27BDA73700DA847B /* Assets.xcassets in Resources */,
			);
			runOnlyForDeploymentPostprocessing = 0;
		};
/* End PBXResourcesBuildPhase section */

/* Begin PBXSourcesBuildPhase section */
		9C71DEBF27BDA73600DA847B /* Sources */ = {
			isa = PBXSourcesBuildPhase;
			buildActionMask = 2147483647;
			files = (
				9C71DEC927BDA73600DA847B /* ContentView.swift in Sources */,
				9C732F5927BDDB47009523BC /* FilledButton.swift in Sources */,
				9C71DEF127BDC5E000DA847B /* TextSmall.swift in Sources */,
				9C71DEC727BDA73600DA847B /* EcommerceTemplateApp.swift in Sources */,
				9C71DEE627BDC2E600DA847B /* Login.swift in Sources */,
				9C71DEF327BDC68700DA847B /* TextInput.swift in Sources */,
				9C71DEE427BDBD5E00DA847B /* TextLarge.swift in Sources */,
				9C71DEDD27BDB5C400DA847B /* Splash.swift in Sources */,
				9C71DEE827BDC3C100DA847B /* TextMedium.swift in Sources */,
			);
			runOnlyForDeploymentPostprocessing = 0;
		};
/* End PBXSourcesBuildPhase section */

/* Begin XCBuildConfiguration section */
		9C71DECF27BDA73700DA847B /* Debug */ = {
			isa = XCBuildConfiguration;
			buildSettings = {
				ALWAYS_SEARCH_USER_PATHS = NO;
				CLANG_ANALYZER_NONNULL = YES;
				CLANG_ANALYZER_NUMBER_OBJECT_CONVERSION = YES_AGGRESSIVE;
				CLANG_CXX_LANGUAGE_STANDARD = "gnu++17";
				CLANG_CXX_LIBRARY = "libc++";
				CLANG_ENABLE_MODULES = YES;
				CLANG_ENABLE_OBJC_ARC = YES;
				CLANG_ENABLE_OBJC_WEAK = YES;
				CLANG_WARN_BLOCK_CAPTURE_AUTORELEASING = YES;
				CLANG_WARN_BOOL_CONVERSION = YES;
				CLANG_WARN_COMMA = YES;
				CLANG_WARN_CONSTANT_CONVERSION = YES;
				CLANG_WARN_DEPRECATED_OBJC_IMPLEMENTATIONS = YES;
				CLANG_WARN_DIRECT_OBJC_ISA_USAGE = YES_ERROR;
				CLANG_WARN_DOCUMENTATION_COMMENTS = YES;
				CLANG_WARN_EMPTY_BODY = YES;
				CLANG_WARN_ENUM_CONVERSION = YES;
				CLANG_WARN_INFINITE_RECURSION = YES;
				CLANG_WARN_INT_CONVERSION = YES;
				CLANG_WARN_NON_LITERAL_NULL_CONVERSION = YES;
				CLANG_WARN_OBJC_IMPLICIT_RETAIN_SELF = YES;
				CLANG_WARN_OBJC_LITERAL_CONVERSION = YES;
				CLANG_WARN_OBJC_ROOT_CLASS = YES_ERROR;
				CLANG_WARN_QUOTED_INCLUDE_IN_FRAMEWORK_HEADER = YES;
				CLANG_WARN_RANGE_LOOP_ANALYSIS = YES;
				CLANG_WARN_STRICT_PROTOTYPES = YES;
				CLANG_WARN_SUSPICIOUS_MOVE = YES;
				CLANG_WARN_UNGUARDED_AVAILABILITY = YES_AGGRESSIVE;
				CLANG_WARN_UNREACHABLE_CODE = YES;
				CLANG_WARN__DUPLICATE_METHOD_MATCH = YES;
				COPY_PHASE_STRIP = NO;
				DEBUG_INFORMATION_FORMAT = dwarf;
				ENABLE_STRICT_OBJC_MSGSEND = YES;
				ENABLE_TESTABILITY = YES;
				GCC_C_LANGUAGE_STANDARD = gnu11;
				GCC_DYNAMIC_NO_PIC = NO;
				GCC_NO_COMMON_BLOCKS = YES;
				GCC_OPTIMIZATION_LEVEL = 0;
				GCC_PREPROCESSOR_DEFINITIONS = (
					"DEBUG=1",
					"$(inherited)",
				);
				GCC_WARN_64_TO_32_BIT_CONVERSION = YES;
				GCC_WARN_ABOUT_RETURN_TYPE = YES_ERROR;
				GCC_WARN_UNDECLARED_SELECTOR = YES;
				GCC_WARN_UNINITIALIZED_AUTOS = YES_AGGRESSIVE;
				GCC_WARN_UNUSED_FUNCTION = YES;
				GCC_WARN_UNUSED_VARIABLE = YES;
				IPHONEOS_DEPLOYMENT_TARGET = 15.2;
				MTL_ENABLE_DEBUG_INFO = INCLUDE_SOURCE;
				MTL_FAST_MATH = YES;
				ONLY_ACTIVE_ARCH = YES;
				SDKROOT = iphoneos;
				SWIFT_ACTIVE_COMPILATION_CONDITIONS = DEBUG;
				SWIFT_OPTIMIZATION_LEVEL = "-Onone";
			};
			name = Debug;
		};
		9C71DED027BDA73700DA847B /* Release */ = {
			isa = XCBuildConfiguration;
			buildSettings = {
				ALWAYS_SEARCH_USER_PATHS = NO;
				CLANG_ANALYZER_NONNULL = YES;
				CLANG_ANALYZER_NUMBER_OBJECT_CONVERSION = YES_AGGRESSIVE;
				CLANG_CXX_LANGUAGE_STANDARD = "gnu++17";
				CLANG_CXX_LIBRARY = "libc++";
				CLANG_ENABLE_MODULES = YES;
				CLANG_ENABLE_OBJC_ARC = YES;
				CLANG_ENABLE_OBJC_WEAK = YES;
				CLANG_WARN_BLOCK_CAPTURE_AUTORELEASING = YES;
				CLANG_WARN_BOOL_CONVERSION = YES;
				CLANG_WARN_COMMA = YES;
				CLANG_WARN_CONSTANT_CONVERSION = YES;
				CLANG_WARN_DEPRECATED_OBJC_IMPLEMENTATIONS = YES;
				CLANG_WARN_DIRECT_OBJC_ISA_USAGE = YES_ERROR;
				CLANG_WARN_DOCUMENTATION_COMMENTS = YES;
				CLANG_WARN_EMPTY_BODY = YES;
				CLANG_WARN_ENUM_CONVERSION = YES;
				CLANG_WARN_INFINITE_RECURSION = YES;
				CLANG_WARN_INT_CONVERSION = YES;
				CLANG_WARN_NON_LITERAL_NULL_CONVERSION = YES;
				CLANG_WARN_OBJC_IMPLICIT_RETAIN_SELF = YES;
				CLANG_WARN_OBJC_LITERAL_CONVERSION = YES;
				CLANG_WARN_OBJC_ROOT_CLASS = YES_ERROR;
				CLANG_WARN_QUOTED_INCLUDE_IN_FRAMEWORK_HEADER = YES;
				CLANG_WARN_RANGE_LOOP_ANALYSIS = YES;
				CLANG_WARN_STRICT_PROTOTYPES = YES;
				CLANG_WARN_SUSPICIOUS_MOVE = YES;
				CLANG_WARN_UNGUARDED_AVAILABILITY = YES_AGGRESSIVE;
				CLANG_WARN_UNREACHABLE_CODE = YES;
				CLANG_WARN__DUPLICATE_METHOD_MATCH = YES;
				COPY_PHASE_STRIP = NO;
				DEBUG_INFORMATION_FORMAT = "dwarf-with-dsym";
				ENABLE_NS_ASSERTIONS = NO;
				ENABLE_STRICT_OBJC_MSGSEND = YES;
				GCC_C_LANGUAGE_STANDARD = gnu11;
				GCC_NO_COMMON_BLOCKS = YES;
				GCC_WARN_64_TO_32_BIT_CONVERSION = YES;
				GCC_WARN_ABOUT_RETURN_TYPE = YES_ERROR;
				GCC_WARN_UNDECLARED_SELECTOR = YES;
				GCC_WARN_UNINITIALIZED_AUTOS = YES_AGGRESSIVE;
				GCC_WARN_UNUSED_FUNCTION = YES;
				GCC_WARN_UNUSED_VARIABLE = YES;
				IPHONEOS_DEPLOYMENT_TARGET = 15.2;
				MTL_ENABLE_DEBUG_INFO = NO;
				MTL_FAST_MATH = YES;
				SDKROOT = iphoneos;
				SWIFT_COMPILATION_MODE = wholemodule;
				SWIFT_OPTIMIZATION_LEVEL = "-O";
				VALIDATE_PRODUCT = YES;
			};
			name = Release;
		};
		9C71DED227BDA73700DA847B /* Debug */ = {
			isa = XCBuildConfiguration;
			buildSettings = {
				ASSETCATALOG_COMPILER_APPICON_NAME = AppIcon;
				ASSETCATALOG_COMPILER_GLOBAL_ACCENT_COLOR_NAME = AccentColor;
				CODE_SIGN_STYLE = Automatic;
				CURRENT_PROJECT_VERSION = 1;
				DEVELOPMENT_ASSET_PATHS = "\"EcommerceTemplate/Preview Content\"";
				DEVELOPMENT_TEAM = 744W89F35D;
				ENABLE_PREVIEWS = YES;
				GENERATE_INFOPLIST_FILE = YES;
				INFOPLIST_FILE = EcommerceTemplate/Info.plist;
				INFOPLIST_KEY_UIApplicationSceneManifest_Generation = YES;
				INFOPLIST_KEY_UIApplicationSupportsIndirectInputEvents = YES;
				INFOPLIST_KEY_UILaunchScreen_Generation = YES;
				INFOPLIST_KEY_UISupportedInterfaceOrientations_iPad = "UIInterfaceOrientationPortrait UIInterfaceOrientationPortraitUpsideDown UIInterfaceOrientationLandscapeLeft UIInterfaceOrientationLandscapeRight";
				INFOPLIST_KEY_UISupportedInterfaceOrientations_iPhone = "UIInterfaceOrientationPortrait UIInterfaceOrientationLandscapeLeft UIInterfaceOrientationLandscapeRight";
				LD_RUNPATH_SEARCH_PATHS = (
					"$(inherited)",
					"@executable_path/Frameworks",
				);
				MARKETING_VERSION = 1.0;
				PRODUCT_BUNDLE_IDENTIFIER = thassis.EcommerceTemplate;
				PRODUCT_NAME = "$(TARGET_NAME)";
				SWIFT_EMIT_LOC_STRINGS = YES;
				SWIFT_VERSION = 5.0;
				TARGETED_DEVICE_FAMILY = "1,2";
			};
			name = Debug;
		};
		9C71DED327BDA73700DA847B /* Release */ = {
			isa = XCBuildConfiguration;
			buildSettings = {
				ASSETCATALOG_COMPILER_APPICON_NAME = AppIcon;
				ASSETCATALOG_COMPILER_GLOBAL_ACCENT_COLOR_NAME = AccentColor;
				CODE_SIGN_STYLE = Automatic;
				CURRENT_PROJECT_VERSION = 1;
				DEVELOPMENT_ASSET_PATHS = "\"EcommerceTemplate/Preview Content\"";
				DEVELOPMENT_TEAM = 744W89F35D;
				ENABLE_PREVIEWS = YES;
				GENERATE_INFOPLIST_FILE = YES;
				INFOPLIST_FILE = EcommerceTemplate/Info.plist;
				INFOPLIST_KEY_UIApplicationSceneManifest_Generation = YES;
				INFOPLIST_KEY_UIApplicationSupportsIndirectInputEvents = YES;
				INFOPLIST_KEY_UILaunchScreen_Generation = YES;
				INFOPLIST_KEY_UISupportedInterfaceOrientations_iPad = "UIInterfaceOrientationPortrait UIInterfaceOrientationPortraitUpsideDown UIInterfaceOrientationLandscapeLeft UIInterfaceOrientationLandscapeRight";
				INFOPLIST_KEY_UISupportedInterfaceOrientations_iPhone = "UIInterfaceOrientationPortrait UIInterfaceOrientationLandscapeLeft UIInterfaceOrientationLandscapeRight";
				LD_RUNPATH_SEARCH_PATHS = (
					"$(inherited)",
					"@executable_path/Frameworks",
				);
				MARKETING_VERSION = 1.0;
				PRODUCT_BUNDLE_IDENTIFIER = thassis.EcommerceTemplate;
				PRODUCT_NAME = "$(TARGET_NAME)";
				SWIFT_EMIT_LOC_STRINGS = YES;
				SWIFT_VERSION = 5.0;
				TARGETED_DEVICE_FAMILY = "1,2";
			};
			name = Release;
		};
/* End XCBuildConfiguration section */

/* Begin XCConfigurationList section */
		9C71DEBE27BDA73600DA847B /* Build configuration list for PBXProject "EcommerceTemplate" */ = {
			isa = XCConfigurationList;
			buildConfigurations = (
				9C71DECF27BDA73700DA847B /* Debug */,
				9C71DED027BDA73700DA847B /* Release */,
			);
			defaultConfigurationIsVisible = 0;
			defaultConfigurationName = Release;
		};
		9C71DED127BDA73700DA847B /* Build configuration list for PBXNativeTarget "EcommerceTemplate" */ = {
			isa = XCConfigurationList;
			buildConfigurations = (
				9C71DED227BDA73700DA847B /* Debug */,
				9C71DED327BDA73700DA847B /* Release */,
			);
			defaultConfigurationIsVisible = 0;
			defaultConfigurationName = Release;
		};
/* End XCConfigurationList section */
	};
	rootObject = 9C71DEBB27BDA73600DA847B /* Project object */;
}
